{
  "version": 4,
  "terraform_version": "1.5.2",
  "serial": 33,
  "lineage": "17a5115a-774e-a67a-9104-3e7aa16ac014",
  "outputs": {},
  "resources": [
    {
      "mode": "managed",
      "type": "aws_iam_role",
      "name": "redshift_role",
      "provider": "provider[\"registry.terraform.io/hashicorp/aws\"]",
      "instances": [
        {
          "schema_version": 0,
          "attributes": {
            "arn": "arn:aws:iam::124282008832:role/RedshiftS3AccessRole",
            "assume_role_policy": "{\"Statement\":[{\"Action\":\"sts:AssumeRole\",\"Effect\":\"Allow\",\"Principal\":{\"Service\":\"redshift.amazonaws.com\"}}],\"Version\":\"2012-10-17\"}",
            "create_date": "2023-07-13T09:54:25Z",
            "description": "",
            "force_detach_policies": false,
            "id": "RedshiftS3AccessRole",
            "inline_policy": [],
            "managed_policy_arns": [],
            "max_session_duration": 3600,
            "name": "RedshiftS3AccessRole",
            "name_prefix": "",
            "path": "/",
            "permissions_boundary": null,
            "tags": null,
            "tags_all": {},
            "unique_id": "AROARZ36I6UALOHJ7CW6F"
          },
          "sensitive_attributes": [],
          "private": "bnVsbA=="
        }
      ]
    },
    {
      "mode": "managed",
      "type": "aws_iam_role_policy_attachment",
      "name": "redshift_s3_read",
      "provider": "provider[\"registry.terraform.io/hashicorp/aws\"]",
      "instances": [
        {
          "schema_version": 0,
          "attributes": {
            "id": "RedshiftS3AccessRole-20230713095426395900000001",
            "policy_arn": "arn:aws:iam::aws:policy/AmazonS3ReadOnlyAccess",
            "role": "RedshiftS3AccessRole"
          },
          "sensitive_attributes": [],
          "private": "bnVsbA==",
          "dependencies": [
            "aws_iam_role.redshift_role"
          ]
        }
      ]
    },
    {
      "mode": "managed",
      "type": "aws_internet_gateway",
      "name": "redshift_igw",
      "provider": "provider[\"registry.terraform.io/hashicorp/aws\"]",
      "instances": [
        {
          "schema_version": 0,
          "attributes": {
            "arn": "arn:aws:ec2:us-east-2:124282008832:internet-gateway/igw-0a44f37fea458d76e",
            "id": "igw-0a44f37fea458d76e",
            "owner_id": "124282008832",
            "tags": {
              "Name": "Redshift Internet Gateway"
            },
            "tags_all": {
              "Name": "Redshift Internet Gateway"
            },
            "timeouts": null,
            "vpc_id": "vpc-09eadc444006bd0ec"
          },
          "sensitive_attributes": [],
          "private": "eyJlMmJmYjczMC1lY2FhLTExZTYtOGY4OC0zNDM2M2JjN2M0YzAiOnsiY3JlYXRlIjoxMjAwMDAwMDAwMDAwLCJkZWxldGUiOjEyMDAwMDAwMDAwMDAsInVwZGF0ZSI6MTIwMDAwMDAwMDAwMH19",
          "dependencies": [
            "aws_vpc.redshift_vpc"
          ]
        }
      ]
    },
    {
      "mode": "managed",
      "type": "aws_redshift_cluster",
      "name": "redshift_cluster",
      "provider": "provider[\"registry.terraform.io/hashicorp/aws\"]",
      "instances": [
        {
          "schema_version": 0,
          "attributes": {
            "allow_version_upgrade": true,
            "apply_immediately": false,
            "aqua_configuration_status": "auto",
            "arn": "arn:aws:redshift:us-east-2:124282008832:cluster:redshift-cluster",
            "automated_snapshot_retention_period": 1,
            "availability_zone": "us-east-2c",
            "availability_zone_relocation_enabled": false,
            "cluster_identifier": "redshift-cluster",
            "cluster_namespace_arn": "arn:aws:redshift:us-east-2:124282008832:namespace:3bb593ea-ec51-4bcf-8711-64d10cb03652",
            "cluster_nodes": [
              {
                "node_role": "SHARED",
                "private_ip_address": "10.0.1.81",
                "public_ip_address": "3.12.243.31"
              }
            ],
            "cluster_parameter_group_name": "default.redshift-1.0",
            "cluster_public_key": "ssh-rsa AAAAB3NzaC1yc2EAAAADAQABAAABAQChyAqinJIBl5XQ+eYwwVSQTXsM0aezsi2kQbREB8DZe5GFgXTWVVSTGyUWljHn1HG5OvbGJwhhDFr125Vh7oTfhCPWnoX1g2kXs1AmpThe4IFmK1SG2E2ptDh5G2e7+74OAeQfSL8W0kbtFfFodQztrpv8Q8O6x/83vZ9dzyPCngBsxQaNBS+E/CwP7Dngqbw25g2SlC6fAPuXzI8syZh69ulz7n1HsBuzOFi+dIDGYJiDnrMxPf7WfUFCyXTV6Oe4KniSHOlELZsaHGUMe5tdGLRJHmmFfDsFowU4dw8G7otTEYuQ0vIWcntwbqDLt6wV3p/50WLkXg7XwoEpI5av Amazon-Redshift\n",
            "cluster_revision_number": "52931",
            "cluster_subnet_group_name": "redshift-subnet-group",
            "cluster_type": "single-node",
            "cluster_version": "1.0",
            "database_name": "dsadb",
            "default_iam_role_arn": "",
            "dns_name": "redshift-cluster.ckxtrotf6hfz.us-east-2.redshift.amazonaws.com",
            "elastic_ip": null,
            "encrypted": false,
            "endpoint": "redshift-cluster.ckxtrotf6hfz.us-east-2.redshift.amazonaws.com:5439",
            "enhanced_vpc_routing": false,
            "final_snapshot_identifier": null,
            "iam_roles": [],
            "id": "redshift-cluster",
            "kms_key_id": "",
            "logging": [
              {
                "bucket_name": "",
                "enable": false,
                "log_destination_type": "",
                "log_exports": [],
                "s3_key_prefix": ""
              }
            ],
            "maintenance_track_name": "current",
            "manual_snapshot_retention_period": -1,
            "master_password": "!!dsaS9curePassw2rd!!715020",
            "master_username": "adminuser",
            "node_type": "dc2.large",
            "number_of_nodes": 1,
            "owner_account": null,
            "port": 5439,
            "preferred_maintenance_window": "thu:05:30-thu:06:00",
            "publicly_accessible": true,
            "skip_final_snapshot": true,
            "snapshot_cluster_identifier": null,
            "snapshot_copy": [],
            "snapshot_identifier": null,
            "tags": null,
            "tags_all": {},
            "timeouts": null,
            "vpc_security_group_ids": [
              "sg-09bc6fb2cfc666af5"
            ]
          },
          "sensitive_attributes": [],
          "private": "eyJlMmJmYjczMC1lY2FhLTExZTYtOGY4OC0zNDM2M2JjN2M0YzAiOnsiY3JlYXRlIjo0NTAwMDAwMDAwMDAwLCJkZWxldGUiOjI0MDAwMDAwMDAwMDAsInVwZGF0ZSI6NDUwMDAwMDAwMDAwMH19",
          "dependencies": [
            "aws_redshift_subnet_group.redshift_subnet_group",
            "aws_security_group.redshift_sg",
            "aws_subnet.redshift_subnet",
            "aws_vpc.redshift_vpc"
          ]
        }
      ]
    },
    {
      "mode": "managed",
      "type": "aws_redshift_subnet_group",
      "name": "redshift_subnet_group",
      "provider": "provider[\"registry.terraform.io/hashicorp/aws\"]",
      "instances": [
        {
          "schema_version": 0,
          "attributes": {
            "arn": "arn:aws:redshift:us-east-2:124282008832:subnetgroup:redshift-subnet-group",
            "description": "Managed by Terraform",
            "id": "redshift-subnet-group",
            "name": "redshift-subnet-group",
            "subnet_ids": [
              "subnet-042aba92a33dbee95"
            ],
            "tags": {
              "Name": "Redshift Subnet Group"
            },
            "tags_all": {
              "Name": "Redshift Subnet Group"
            }
          },
          "sensitive_attributes": [],
          "private": "bnVsbA==",
          "dependencies": [
            "aws_subnet.redshift_subnet",
            "aws_vpc.redshift_vpc"
          ]
        }
      ]
    },
    {
      "mode": "managed",
      "type": "aws_route_table",
      "name": "redshift_route_table",
      "provider": "provider[\"registry.terraform.io/hashicorp/aws\"]",
      "instances": [
        {
          "schema_version": 0,
          "attributes": {
            "arn": "arn:aws:ec2:us-east-2:124282008832:route-table/rtb-0a69ef48c4889c4c9",
            "id": "rtb-0a69ef48c4889c4c9",
            "owner_id": "124282008832",
            "propagating_vgws": [],
            "route": [
              {
                "carrier_gateway_id": "",
                "cidr_block": "0.0.0.0/0",
                "core_network_arn": "",
                "destination_prefix_list_id": "",
                "egress_only_gateway_id": "",
                "gateway_id": "igw-0a44f37fea458d76e",
                "ipv6_cidr_block": "",
                "local_gateway_id": "",
                "nat_gateway_id": "",
                "network_interface_id": "",
                "transit_gateway_id": "",
                "vpc_endpoint_id": "",
                "vpc_peering_connection_id": ""
              }
            ],
            "tags": {
              "Name": "Redshift Route Table"
            },
            "tags_all": {
              "Name": "Redshift Route Table"
            },
            "timeouts": null,
            "vpc_id": "vpc-09eadc444006bd0ec"
          },
          "sensitive_attributes": [],
          "private": "eyJlMmJmYjczMC1lY2FhLTExZTYtOGY4OC0zNDM2M2JjN2M0YzAiOnsiY3JlYXRlIjozMDAwMDAwMDAwMDAsImRlbGV0ZSI6MzAwMDAwMDAwMDAwLCJ1cGRhdGUiOjEyMDAwMDAwMDAwMH19",
          "dependencies": [
            "aws_internet_gateway.redshift_igw",
            "aws_vpc.redshift_vpc"
          ]
        }
      ]
    },
    {
      "mode": "managed",
      "type": "aws_route_table_association",
      "name": "redshift_route_table_association",
      "provider": "provider[\"registry.terraform.io/hashicorp/aws\"]",
      "instances": [
        {
          "schema_version": 0,
          "attributes": {
            "gateway_id": "",
            "id": "rtbassoc-047081612f8ba844e",
            "route_table_id": "rtb-0a69ef48c4889c4c9",
            "subnet_id": "subnet-042aba92a33dbee95",
            "timeouts": null
          },
          "sensitive_attributes": [],
          "private": "eyJlMmJmYjczMC1lY2FhLTExZTYtOGY4OC0zNDM2M2JjN2M0YzAiOnsiY3JlYXRlIjozMDAwMDAwMDAwMDAsImRlbGV0ZSI6MzAwMDAwMDAwMDAwLCJ1cGRhdGUiOjEyMDAwMDAwMDAwMH19",
          "dependencies": [
            "aws_internet_gateway.redshift_igw",
            "aws_route_table.redshift_route_table",
            "aws_subnet.redshift_subnet",
            "aws_vpc.redshift_vpc"
          ]
        }
      ]
    },
    {
      "mode": "managed",
      "type": "aws_security_group",
      "name": "redshift_sg",
      "provider": "provider[\"registry.terraform.io/hashicorp/aws\"]",
      "instances": [
        {
          "schema_version": 1,
          "attributes": {
            "arn": "arn:aws:ec2:us-east-2:124282008832:security-group/sg-09bc6fb2cfc666af5",
            "description": "Allow Redshift traffic",
            "egress": [],
            "id": "sg-09bc6fb2cfc666af5",
            "ingress": [
              {
                "cidr_blocks": [
                  "0.0.0.0/0"
                ],
                "description": "",
                "from_port": 5439,
                "ipv6_cidr_blocks": [],
                "prefix_list_ids": [],
                "protocol": "tcp",
                "security_groups": [],
                "self": false,
                "to_port": 5439
              }
            ],
            "name": "redshift_sg",
            "name_prefix": "",
            "owner_id": "124282008832",
            "revoke_rules_on_delete": false,
            "tags": {
              "Name": "Redshift Security Group"
            },
            "tags_all": {
              "Name": "Redshift Security Group"
            },
            "timeouts": null,
            "vpc_id": "vpc-09eadc444006bd0ec"
          },
          "sensitive_attributes": [],
          "private": "eyJlMmJmYjczMC1lY2FhLTExZTYtOGY4OC0zNDM2M2JjN2M0YzAiOnsiY3JlYXRlIjo2MDAwMDAwMDAwMDAsImRlbGV0ZSI6OTAwMDAwMDAwMDAwfSwic2NoZW1hX3ZlcnNpb24iOiIxIn0=",
          "dependencies": [
            "aws_vpc.redshift_vpc"
          ]
        }
      ]
    },
    {
      "mode": "managed",
      "type": "aws_subnet",
      "name": "redshift_subnet",
      "provider": "provider[\"registry.terraform.io/hashicorp/aws\"]",
      "instances": [
        {
          "schema_version": 1,
          "attributes": {
            "arn": "arn:aws:ec2:us-east-2:124282008832:subnet/subnet-042aba92a33dbee95",
            "assign_ipv6_address_on_creation": false,
            "availability_zone": "us-east-2c",
            "availability_zone_id": "use2-az3",
            "cidr_block": "10.0.1.0/24",
            "customer_owned_ipv4_pool": "",
            "enable_dns64": false,
            "enable_lni_at_device_index": 0,
            "enable_resource_name_dns_a_record_on_launch": false,
            "enable_resource_name_dns_aaaa_record_on_launch": false,
            "id": "subnet-042aba92a33dbee95",
            "ipv6_cidr_block": "",
            "ipv6_cidr_block_association_id": "",
            "ipv6_native": false,
            "map_customer_owned_ip_on_launch": false,
            "map_public_ip_on_launch": false,
            "outpost_arn": "",
            "owner_id": "124282008832",
            "private_dns_hostname_type_on_launch": "ip-name",
            "tags": {
              "Name": "Redshift Subnet"
            },
            "tags_all": {
              "Name": "Redshift Subnet"
            },
            "timeouts": null,
            "vpc_id": "vpc-09eadc444006bd0ec"
          },
          "sensitive_attributes": [],
          "private": "eyJlMmJmYjczMC1lY2FhLTExZTYtOGY4OC0zNDM2M2JjN2M0YzAiOnsiY3JlYXRlIjo2MDAwMDAwMDAwMDAsImRlbGV0ZSI6MTIwMDAwMDAwMDAwMH0sInNjaGVtYV92ZXJzaW9uIjoiMSJ9",
          "dependencies": [
            "aws_vpc.redshift_vpc"
          ]
        }
      ]
    },
    {
      "mode": "managed",
      "type": "aws_vpc",
      "name": "redshift_vpc",
      "provider": "provider[\"registry.terraform.io/hashicorp/aws\"]",
      "instances": [
        {
          "schema_version": 1,
          "attributes": {
            "arn": "arn:aws:ec2:us-east-2:124282008832:vpc/vpc-09eadc444006bd0ec",
            "assign_generated_ipv6_cidr_block": false,
            "cidr_block": "10.0.0.0/16",
            "default_network_acl_id": "acl-0a61f9cff60151fa6",
            "default_route_table_id": "rtb-032d6b12126bbb98e",
            "default_security_group_id": "sg-0a59f86727150dffc",
            "dhcp_options_id": "dopt-09f8141f0a7ba70ff",
            "enable_dns_hostnames": false,
            "enable_dns_support": true,
            "enable_network_address_usage_metrics": false,
            "id": "vpc-09eadc444006bd0ec",
            "instance_tenancy": "default",
            "ipv4_ipam_pool_id": null,
            "ipv4_netmask_length": null,
            "ipv6_association_id": "",
            "ipv6_cidr_block": "",
            "ipv6_cidr_block_network_border_group": "",
            "ipv6_ipam_pool_id": "",
            "ipv6_netmask_length": 0,
            "main_route_table_id": "rtb-032d6b12126bbb98e",
            "owner_id": "124282008832",
            "tags": {
              "Name": "Redshift VPC"
            },
            "tags_all": {
              "Name": "Redshift VPC"
            }
          },
          "sensitive_attributes": [],
          "private": "eyJzY2hlbWFfdmVyc2lvbiI6IjEifQ=="
        }
      ]
    }
  ],
  "check_results": null
}
